// !$*UTF8*$!
{
	archiveVersion = 1;
	classes = {
	};
	objectVersion = 56;
	objects = {

/* Begin PBXBuildFile section */
		003281202C2C393300562246 /* NotificationTableViewCell.xib in Resources */ = {isa = PBXBuildFile; fileRef = 0032811F2C2C393300562246 /* NotificationTableViewCell.xib */; };
		003281212C2C393300562246 /* NotificationTableViewCell.swift in Sources */ = {isa = PBXBuildFile; fileRef = 0032811E2C2C393300562246 /* NotificationTableViewCell.swift */; };
		003281252C2C3A3200562246 /* NotificationViewController.xib in Resources */ = {isa = PBXBuildFile; fileRef = 003281242C2C3A3200562246 /* NotificationViewController.xib */; };
		003281262C2C3A3200562246 /* NotificationViewController.swift in Sources */ = {isa = PBXBuildFile; fileRef = 003281232C2C3A3200562246 /* NotificationViewController.swift */; };
		0032812A2C2C474400562246 /* DeleteAlertView.xib in Resources */ = {isa = PBXBuildFile; fileRef = 003281292C2C474400562246 /* DeleteAlertView.xib */; };
		0032812B2C2C474400562246 /* DeleteAlertView.swift in Sources */ = {isa = PBXBuildFile; fileRef = 003281282C2C474400562246 /* DeleteAlertView.swift */; };
		006A21EB2C29E76D00A89B6F /* TechnicalSupportViewController.xib in Resources */ = {isa = PBXBuildFile; fileRef = 006A21EA2C29E76D00A89B6F /* TechnicalSupportViewController.xib */; };
		006A21EC2C29E76D00A89B6F /* TechnicalSupportViewController.swift in Sources */ = {isa = PBXBuildFile; fileRef = 006A21E92C29E76D00A89B6F /* TechnicalSupportViewController.swift */; };
		006A21F02C29E82700A89B6F /* BaseViewController.swift in Sources */ = {isa = PBXBuildFile; fileRef = 006A21EF2C29E82700A89B6F /* BaseViewController.swift */; };
		006A21F22C29E85200A89B6F /* BaseViewModel.swift in Sources */ = {isa = PBXBuildFile; fileRef = 006A21F12C29E85200A89B6F /* BaseViewModel.swift */; };
		006A21F62C29EB0400A89B6F /* MailBoxTableViewCell.xib in Resources */ = {isa = PBXBuildFile; fileRef = 006A21F52C29EB0400A89B6F /* MailBoxTableViewCell.xib */; };
		006A21F72C29EB0400A89B6F /* MailBoxTableViewCell.swift in Sources */ = {isa = PBXBuildFile; fileRef = 006A21F42C29EB0400A89B6F /* MailBoxTableViewCell.swift */; };
		006A21FB2C29EBF200A89B6F /* UITableView+Extension.swift in Sources */ = {isa = PBXBuildFile; fileRef = 006A21FA2C29EBF200A89B6F /* UITableView+Extension.swift */; };
		006A21FD2C29EDB300A89B6F /* UIView+DD.swift in Sources */ = {isa = PBXBuildFile; fileRef = 006A21FC2C29EDB300A89B6F /* UIView+DD.swift */; };
		006A22032C29FF0E00A89B6F /* MailTableViewCell.xib in Resources */ = {isa = PBXBuildFile; fileRef = 006A22022C29FF0E00A89B6F /* MailTableViewCell.xib */; };
		006A22042C29FF0E00A89B6F /* MailTableViewCell.swift in Sources */ = {isa = PBXBuildFile; fileRef = 006A22012C29FF0E00A89B6F /* MailTableViewCell.swift */; };
		006A22072C29FF6800A89B6F /* MailBoxViewController.xib in Resources */ = {isa = PBXBuildFile; fileRef = 006A22062C29FF6800A89B6F /* MailBoxViewController.xib */; };
		006A22082C29FF6800A89B6F /* MailBoxViewController.swift in Sources */ = {isa = PBXBuildFile; fileRef = 006A22052C29FF6800A89B6F /* MailBoxViewController.swift */; };
		006A220C2C2A0B7200A89B6F /* CustomSegmentControl.xib in Resources */ = {isa = PBXBuildFile; fileRef = 006A220B2C2A0B7200A89B6F /* CustomSegmentControl.xib */; };
		006A220D2C2A0B7200A89B6F /* CustomSegmentControl.swift in Sources */ = {isa = PBXBuildFile; fileRef = 006A220A2C2A0B7200A89B6F /* CustomSegmentControl.swift */; };
		006A220F2C2A0B9C00A89B6F /* NibLoadingView.swift in Sources */ = {isa = PBXBuildFile; fileRef = 006A220E2C2A0B9C00A89B6F /* NibLoadingView.swift */; };
		00A350272C2ACCD2002B312C /* SupportEMailCustomView.swift in Sources */ = {isa = PBXBuildFile; fileRef = 00A350252C2ACCD2002B312C /* SupportEMailCustomView.swift */; };
		00A350282C2ACCD2002B312C /* SupportEMailCustomView.xib in Resources */ = {isa = PBXBuildFile; fileRef = 00A350262C2ACCD2002B312C /* SupportEMailCustomView.xib */; };
		00A3502C2C2AD4AF002B312C /* AdministrationCallCustomView.swift in Sources */ = {isa = PBXBuildFile; fileRef = 00A3502A2C2AD4AF002B312C /* AdministrationCallCustomView.swift */; };
		00A3502D2C2AD4AF002B312C /* AdministrationCallCustomView.xib in Resources */ = {isa = PBXBuildFile; fileRef = 00A3502B2C2AD4AF002B312C /* AdministrationCallCustomView.xib */; };
		00B2B6B22C29E21A0071401E /* AppDelegate.swift in Sources */ = {isa = PBXBuildFile; fileRef = 00B2B6B12C29E21A0071401E /* AppDelegate.swift */; };
		00B2B6B42C29E21A0071401E /* SceneDelegate.swift in Sources */ = {isa = PBXBuildFile; fileRef = 00B2B6B32C29E21A0071401E /* SceneDelegate.swift */; };
		00B2B6BB2C29E21C0071401E /* Assets.xcassets in Resources */ = {isa = PBXBuildFile; fileRef = 00B2B6BA2C29E21C0071401E /* Assets.xcassets */; };
		00B2B6BE2C29E21C0071401E /* Base in Resources */ = {isa = PBXBuildFile; fileRef = 00B2B6BD2C29E21C0071401E /* Base */; };
		00B2B6CA2C29E31E0071401E /* HomeViewController.swift in Sources */ = {isa = PBXBuildFile; fileRef = 00B2B6C82C29E31E0071401E /* HomeViewController.swift */; };
		00B2B6CB2C29E31E0071401E /* HomeViewController.xib in Resources */ = {isa = PBXBuildFile; fileRef = 00B2B6C92C29E31E0071401E /* HomeViewController.xib */; };
		00C255862C2B4D690056E347 /* NewMailBoxView.xib in Resources */ = {isa = PBXBuildFile; fileRef = 00C255852C2B4D690056E347 /* NewMailBoxView.xib */; };
		00C255872C2B4D690056E347 /* NewMailBoxView.swift in Sources */ = {isa = PBXBuildFile; fileRef = 00C255842C2B4D690056E347 /* NewMailBoxView.swift */; };
/* End PBXBuildFile section */

/* Begin PBXFileReference section */
		0032811E2C2C393300562246 /* NotificationTableViewCell.swift */ = {isa = PBXFileReference; lastKnownFileType = sourcecode.swift; path = NotificationTableViewCell.swift; sourceTree = "<group>"; };
		0032811F2C2C393300562246 /* NotificationTableViewCell.xib */ = {isa = PBXFileReference; lastKnownFileType = file.xib; path = NotificationTableViewCell.xib; sourceTree = "<group>"; };
		003281232C2C3A3200562246 /* NotificationViewController.swift */ = {isa = PBXFileReference; lastKnownFileType = sourcecode.swift; path = NotificationViewController.swift; sourceTree = "<group>"; };
		003281242C2C3A3200562246 /* NotificationViewController.xib */ = {isa = PBXFileReference; lastKnownFileType = file.xib; path = NotificationViewController.xib; sourceTree = "<group>"; };
		003281282C2C474400562246 /* DeleteAlertView.swift */ = {isa = PBXFileReference; lastKnownFileType = sourcecode.swift; path = DeleteAlertView.swift; sourceTree = "<group>"; };
		003281292C2C474400562246 /* DeleteAlertView.xib */ = {isa = PBXFileReference; lastKnownFileType = file.xib; path = DeleteAlertView.xib; sourceTree = "<group>"; };
		006A21E92C29E76D00A89B6F /* TechnicalSupportViewController.swift */ = {isa = PBXFileReference; lastKnownFileType = sourcecode.swift; path = TechnicalSupportViewController.swift; sourceTree = "<group>"; };
		006A21EA2C29E76D00A89B6F /* TechnicalSupportViewController.xib */ = {isa = PBXFileReference; lastKnownFileType = file.xib; path = TechnicalSupportViewController.xib; sourceTree = "<group>"; };
		006A21EF2C29E82700A89B6F /* BaseViewController.swift */ = {isa = PBXFileReference; lastKnownFileType = sourcecode.swift; path = BaseViewController.swift; sourceTree = "<group>"; };
		006A21F12C29E85200A89B6F /* BaseViewModel.swift */ = {isa = PBXFileReference; lastKnownFileType = sourcecode.swift; path = BaseViewModel.swift; sourceTree = "<group>"; };
		006A21F42C29EB0400A89B6F /* MailBoxTableViewCell.swift */ = {isa = PBXFileReference; lastKnownFileType = sourcecode.swift; path = MailBoxTableViewCell.swift; sourceTree = "<group>"; };
		006A21F52C29EB0400A89B6F /* MailBoxTableViewCell.xib */ = {isa = PBXFileReference; lastKnownFileType = file.xib; path = MailBoxTableViewCell.xib; sourceTree = "<group>"; };
		006A21FA2C29EBF200A89B6F /* UITableView+Extension.swift */ = {isa = PBXFileReference; lastKnownFileType = sourcecode.swift; path = "UITableView+Extension.swift"; sourceTree = "<group>"; };
		006A21FC2C29EDB300A89B6F /* UIView+DD.swift */ = {isa = PBXFileReference; lastKnownFileType = sourcecode.swift; path = "UIView+DD.swift"; sourceTree = "<group>"; };
		006A22012C29FF0E00A89B6F /* MailTableViewCell.swift */ = {isa = PBXFileReference; lastKnownFileType = sourcecode.swift; path = MailTableViewCell.swift; sourceTree = "<group>"; };
		006A22022C29FF0E00A89B6F /* MailTableViewCell.xib */ = {isa = PBXFileReference; lastKnownFileType = file.xib; path = MailTableViewCell.xib; sourceTree = "<group>"; };
		006A22052C29FF6800A89B6F /* MailBoxViewController.swift */ = {isa = PBXFileReference; lastKnownFileType = sourcecode.swift; path = MailBoxViewController.swift; sourceTree = "<group>"; };
		006A22062C29FF6800A89B6F /* MailBoxViewController.xib */ = {isa = PBXFileReference; lastKnownFileType = file.xib; path = MailBoxViewController.xib; sourceTree = "<group>"; };
		006A220A2C2A0B7200A89B6F /* CustomSegmentControl.swift */ = {isa = PBXFileReference; lastKnownFileType = sourcecode.swift; path = CustomSegmentControl.swift; sourceTree = "<group>"; };
		006A220B2C2A0B7200A89B6F /* CustomSegmentControl.xib */ = {isa = PBXFileReference; lastKnownFileType = file.xib; path = CustomSegmentControl.xib; sourceTree = "<group>"; };
		006A220E2C2A0B9C00A89B6F /* NibLoadingView.swift */ = {isa = PBXFileReference; lastKnownFileType = sourcecode.swift; path = NibLoadingView.swift; sourceTree = "<group>"; };
		00A350252C2ACCD2002B312C /* SupportEMailCustomView.swift */ = {isa = PBXFileReference; lastKnownFileType = sourcecode.swift; path = SupportEMailCustomView.swift; sourceTree = "<group>"; };
		00A350262C2ACCD2002B312C /* SupportEMailCustomView.xib */ = {isa = PBXFileReference; lastKnownFileType = file.xib; path = SupportEMailCustomView.xib; sourceTree = "<group>"; };
		00A3502A2C2AD4AF002B312C /* AdministrationCallCustomView.swift */ = {isa = PBXFileReference; lastKnownFileType = sourcecode.swift; path = AdministrationCallCustomView.swift; sourceTree = "<group>"; };
		00A3502B2C2AD4AF002B312C /* AdministrationCallCustomView.xib */ = {isa = PBXFileReference; lastKnownFileType = file.xib; path = AdministrationCallCustomView.xib; sourceTree = "<group>"; };
		00B2B6AE2C29E21A0071401E /* Task.app */ = {isa = PBXFileReference; explicitFileType = wrapper.application; includeInIndex = 0; path = Task.app; sourceTree = BUILT_PRODUCTS_DIR; };
		00B2B6B12C29E21A0071401E /* AppDelegate.swift */ = {isa = PBXFileReference; lastKnownFileType = sourcecode.swift; path = AppDelegate.swift; sourceTree = "<group>"; };
		00B2B6B32C29E21A0071401E /* SceneDelegate.swift */ = {isa = PBXFileReference; lastKnownFileType = sourcecode.swift; path = SceneDelegate.swift; sourceTree = "<group>"; };
		00B2B6BA2C29E21C0071401E /* Assets.xcassets */ = {isa = PBXFileReference; lastKnownFileType = folder.assetcatalog; path = Assets.xcassets; sourceTree = "<group>"; };
		00B2B6BD2C29E21C0071401E /* Base */ = {isa = PBXFileReference; lastKnownFileType = file.storyboard; name = Base; path = Base.lproj/LaunchScreen.storyboard; sourceTree = "<group>"; };
		00B2B6BF2C29E21C0071401E /* Info.plist */ = {isa = PBXFileReference; lastKnownFileType = text.plist.xml; path = Info.plist; sourceTree = "<group>"; };
		00B2B6C82C29E31E0071401E /* HomeViewController.swift */ = {isa = PBXFileReference; lastKnownFileType = sourcecode.swift; path = HomeViewController.swift; sourceTree = "<group>"; };
		00B2B6C92C29E31E0071401E /* HomeViewController.xib */ = {isa = PBXFileReference; lastKnownFileType = file.xib; path = HomeViewController.xib; sourceTree = "<group>"; };
		00C255842C2B4D690056E347 /* NewMailBoxView.swift */ = {isa = PBXFileReference; lastKnownFileType = sourcecode.swift; path = NewMailBoxView.swift; sourceTree = "<group>"; };
		00C255852C2B4D690056E347 /* NewMailBoxView.xib */ = {isa = PBXFileReference; lastKnownFileType = file.xib; path = NewMailBoxView.xib; sourceTree = "<group>"; };
/* End PBXFileReference section */

/* Begin PBXFrameworksBuildPhase section */
		00B2B6AB2C29E21A0071401E /* Frameworks */ = {
			isa = PBXFrameworksBuildPhase;
			buildActionMask = 2147483647;
			files = (
			);
			runOnlyForDeploymentPostprocessing = 0;
		};
/* End PBXFrameworksBuildPhase section */

/* Begin PBXGroup section */
		0032811D2C2C391000562246 /* NotificationTableViewCell */ = {
			isa = PBXGroup;
			children = (
				0032811E2C2C393300562246 /* NotificationTableViewCell.swift */,
				0032811F2C2C393300562246 /* NotificationTableViewCell.xib */,
			);
			path = NotificationTableViewCell;
			sourceTree = "<group>";
		};
		003281222C2C39EF00562246 /* NotificationModule */ = {
			isa = PBXGroup;
			children = (
				003281232C2C3A3200562246 /* NotificationViewController.swift */,
				003281242C2C3A3200562246 /* NotificationViewController.xib */,
			);
			path = NotificationModule;
			sourceTree = "<group>";
		};
		003281272C2C470E00562246 /* DeleteAlertView */ = {
			isa = PBXGroup;
			children = (
				003281282C2C474400562246 /* DeleteAlertView.swift */,
				003281292C2C474400562246 /* DeleteAlertView.xib */,
			);
			path = DeleteAlertView;
			sourceTree = "<group>";
		};
		006A21E72C29E73600A89B6F /* TechnicalSupportModule */ = {
			isa = PBXGroup;
			children = (
				006A21E82C29E74800A89B6F /* View */,
			);
			path = TechnicalSupportModule;
			sourceTree = "<group>";
		};
		006A21E82C29E74800A89B6F /* View */ = {
			isa = PBXGroup;
			children = (
				006A21E92C29E76D00A89B6F /* TechnicalSupportViewController.swift */,
				006A21EA2C29E76D00A89B6F /* TechnicalSupportViewController.xib */,
			);
			path = View;
			sourceTree = "<group>";
		};
		006A21ED2C29E80800A89B6F /* Bases */ = {
			isa = PBXGroup;
			children = (
				006A21EF2C29E82700A89B6F /* BaseViewController.swift */,
				006A21F12C29E85200A89B6F /* BaseViewModel.swift */,
			);
			path = Bases;
			sourceTree = "<group>";
		};
		006A21EE2C29E81100A89B6F /* ViewRelated */ = {
			isa = PBXGroup;
			children = (
				003281222C2C39EF00562246 /* NotificationModule */,
				006A21FF2C29FE4C00A89B6F /* MailBoxModule */,
				006A21E72C29E73600A89B6F /* TechnicalSupportModule */,
				00B2B6C72C29E3070071401E /* HomeModule */,
			);
			path = ViewRelated;
			sourceTree = "<group>";
		};
		006A21F32C29EAC900A89B6F /* Cells */ = {
			isa = PBXGroup;
			children = (
				0032811D2C2C391000562246 /* NotificationTableViewCell */,
				006A22002C29FEEB00A89B6F /* MailTableViewCell */,
				006A21FE2C29FE1E00A89B6F /* MailBoxTableViewCell */,
			);
			path = Cells;
			sourceTree = "<group>";
		};
		006A21F82C29EBD000A89B6F /* Utilities */ = {
			isa = PBXGroup;
			children = (
				006A21F92C29EBDE00A89B6F /* Extensions */,
			);
			path = Utilities;
			sourceTree = "<group>";
		};
		006A21F92C29EBDE00A89B6F /* Extensions */ = {
			isa = PBXGroup;
			children = (
				006A21FA2C29EBF200A89B6F /* UITableView+Extension.swift */,
				006A21FC2C29EDB300A89B6F /* UIView+DD.swift */,
				006A220E2C2A0B9C00A89B6F /* NibLoadingView.swift */,
			);
			path = Extensions;
			sourceTree = "<group>";
		};
		006A21FE2C29FE1E00A89B6F /* MailBoxTableViewCell */ = {
			isa = PBXGroup;
			children = (
				006A21F42C29EB0400A89B6F /* MailBoxTableViewCell.swift */,
				006A21F52C29EB0400A89B6F /* MailBoxTableViewCell.xib */,
			);
			path = MailBoxTableViewCell;
			sourceTree = "<group>";
		};
		006A21FF2C29FE4C00A89B6F /* MailBoxModule */ = {
			isa = PBXGroup;
			children = (
				006A22052C29FF6800A89B6F /* MailBoxViewController.swift */,
				006A22062C29FF6800A89B6F /* MailBoxViewController.xib */,
			);
			path = MailBoxModule;
			sourceTree = "<group>";
		};
		006A22002C29FEEB00A89B6F /* MailTableViewCell */ = {
			isa = PBXGroup;
			children = (
				006A22012C29FF0E00A89B6F /* MailTableViewCell.swift */,
				006A22022C29FF0E00A89B6F /* MailTableViewCell.xib */,
			);
			path = MailTableViewCell;
			sourceTree = "<group>";
		};
		006A22092C2A0B5100A89B6F /* CustomSegmentControl */ = {
			isa = PBXGroup;
			children = (
				006A220A2C2A0B7200A89B6F /* CustomSegmentControl.swift */,
				006A220B2C2A0B7200A89B6F /* CustomSegmentControl.xib */,
			);
			path = CustomSegmentControl;
			sourceTree = "<group>";
		};
		00A350232C2ACC9A002B312C /* ReusableViews */ = {
			isa = PBXGroup;
			children = (
				003281272C2C470E00562246 /* DeleteAlertView */,
				00C255832C2B4D2E0056E347 /* NewMailBoxView */,
				00A350292C2AD486002B312C /* AdministrationCallCustomView */,
				00A350242C2ACCAF002B312C /* SupportEMailCustomView */,
				006A22092C2A0B5100A89B6F /* CustomSegmentControl */,
			);
			path = ReusableViews;
			sourceTree = "<group>";
		};
		00A350242C2ACCAF002B312C /* SupportEMailCustomView */ = {
			isa = PBXGroup;
			children = (
				00A350252C2ACCD2002B312C /* SupportEMailCustomView.swift */,
				00A350262C2ACCD2002B312C /* SupportEMailCustomView.xib */,
			);
			path = SupportEMailCustomView;
			sourceTree = "<group>";
		};
		00A350292C2AD486002B312C /* AdministrationCallCustomView */ = {
			isa = PBXGroup;
			children = (
				00A3502A2C2AD4AF002B312C /* AdministrationCallCustomView.swift */,
				00A3502B2C2AD4AF002B312C /* AdministrationCallCustomView.xib */,
			);
			path = AdministrationCallCustomView;
			sourceTree = "<group>";
		};
		00B2B6A52C29E21A0071401E = {
			isa = PBXGroup;
			children = (
				00B2B6B02C29E21A0071401E /* Task */,
				00B2B6AF2C29E21A0071401E /* Products */,
			);
			sourceTree = "<group>";
		};
		00B2B6AF2C29E21A0071401E /* Products */ = {
			isa = PBXGroup;
			children = (
				00B2B6AE2C29E21A0071401E /* Task.app */,
			);
			name = Products;
			sourceTree = "<group>";
		};
		00B2B6B02C29E21A0071401E /* Task */ = {
			isa = PBXGroup;
			children = (
				006A21F82C29EBD000A89B6F /* Utilities */,
				00B2B6C62C29E2D70071401E /* Config */,
				00B2B6C52C29E2C80071401E /* Presentation */,
				00B2B6BA2C29E21C0071401E /* Assets.xcassets */,
				00B2B6BC2C29E21C0071401E /* LaunchScreen.storyboard */,
				00B2B6BF2C29E21C0071401E /* Info.plist */,
			);
			path = Task;
			sourceTree = "<group>";
		};
		00B2B6C52C29E2C80071401E /* Presentation */ = {
			isa = PBXGroup;
			children = (
				00A350232C2ACC9A002B312C /* ReusableViews */,
				006A21F32C29EAC900A89B6F /* Cells */,
				006A21EE2C29E81100A89B6F /* ViewRelated */,
				006A21ED2C29E80800A89B6F /* Bases */,
			);
			path = Presentation;
			sourceTree = "<group>";
		};
		00B2B6C62C29E2D70071401E /* Config */ = {
			isa = PBXGroup;
			children = (
				00B2B6B12C29E21A0071401E /* AppDelegate.swift */,
				00B2B6B32C29E21A0071401E /* SceneDelegate.swift */,
			);
			path = Config;
			sourceTree = "<group>";
		};
		00B2B6C72C29E3070071401E /* HomeModule */ = {
			isa = PBXGroup;
			children = (
				00B2B6C82C29E31E0071401E /* HomeViewController.swift */,
				00B2B6C92C29E31E0071401E /* HomeViewController.xib */,
			);
			path = HomeModule;
			sourceTree = "<group>";
		};
		00C255832C2B4D2E0056E347 /* NewMailBoxView */ = {
			isa = PBXGroup;
			children = (
				00C255842C2B4D690056E347 /* NewMailBoxView.swift */,
				00C255852C2B4D690056E347 /* NewMailBoxView.xib */,
			);
			path = NewMailBoxView;
			sourceTree = "<group>";
		};
/* End PBXGroup section */

/* Begin PBXNativeTarget section */
		00B2B6AD2C29E21A0071401E /* Task */ = {
			isa = PBXNativeTarget;
			buildConfigurationList = 00B2B6C22C29E21C0071401E /* Build configuration list for PBXNativeTarget "Task" */;
			buildPhases = (
				00B2B6AA2C29E21A0071401E /* Sources */,
				00B2B6AB2C29E21A0071401E /* Frameworks */,
				00B2B6AC2C29E21A0071401E /* Resources */,
			);
			buildRules = (
			);
			dependencies = (
			);
			name = Task;
			productName = Task;
			productReference = 00B2B6AE2C29E21A0071401E /* Task.app */;
			productType = "com.apple.product-type.application";
		};
/* End PBXNativeTarget section */

/* Begin PBXProject section */
		00B2B6A62C29E21A0071401E /* Project object */ = {
			isa = PBXProject;
			attributes = {
				BuildIndependentTargetsInParallel = 1;
				LastSwiftUpdateCheck = 1540;
				LastUpgradeCheck = 1540;
				TargetAttributes = {
					00B2B6AD2C29E21A0071401E = {
						CreatedOnToolsVersion = 15.4;
					};
				};
			};
			buildConfigurationList = 00B2B6A92C29E21A0071401E /* Build configuration list for PBXProject "Task" */;
			compatibilityVersion = "Xcode 14.0";
			developmentRegion = en;
			hasScannedForEncodings = 0;
			knownRegions = (
				en,
				Base,
			);
			mainGroup = 00B2B6A52C29E21A0071401E;
			productRefGroup = 00B2B6AF2C29E21A0071401E /* Products */;
			projectDirPath = "";
			projectRoot = "";
			targets = (
				00B2B6AD2C29E21A0071401E /* Task */,
			);
		};
/* End PBXProject section */

/* Begin PBXResourcesBuildPhase section */
		00B2B6AC2C29E21A0071401E /* Resources */ = {
			isa = PBXResourcesBuildPhase;
			buildActionMask = 2147483647;
			files = (
				00C255862C2B4D690056E347 /* NewMailBoxView.xib in Resources */,
				006A220C2C2A0B7200A89B6F /* CustomSegmentControl.xib in Resources */,
				00B2B6BB2C29E21C0071401E /* Assets.xcassets in Resources */,
				00A3502D2C2AD4AF002B312C /* AdministrationCallCustomView.xib in Resources */,
				006A22072C29FF6800A89B6F /* MailBoxViewController.xib in Resources */,
				006A21F62C29EB0400A89B6F /* MailBoxTableViewCell.xib in Resources */,
				0032812A2C2C474400562246 /* DeleteAlertView.xib in Resources */,
				00B2B6BE2C29E21C0071401E /* Base in Resources */,
				00A350282C2ACCD2002B312C /* SupportEMailCustomView.xib in Resources */,
				003281202C2C393300562246 /* NotificationTableViewCell.xib in Resources */,
				006A21EB2C29E76D00A89B6F /* TechnicalSupportViewController.xib in Resources */,
				006A22032C29FF0E00A89B6F /* MailTableViewCell.xib in Resources */,
				00B2B6CB2C29E31E0071401E /* HomeViewController.xib in Resources */,
				003281252C2C3A3200562246 /* NotificationViewController.xib in Resources */,
			);
			runOnlyForDeploymentPostprocessing = 0;
		};
/* End PBXResourcesBuildPhase section */

/* Begin PBXSourcesBuildPhase section */
		00B2B6AA2C29E21A0071401E /* Sources */ = {
			isa = PBXSourcesBuildPhase;
			buildActionMask = 2147483647;
			files = (
				00C255872C2B4D690056E347 /* NewMailBoxView.swift in Sources */,
				006A220D2C2A0B7200A89B6F /* CustomSegmentControl.swift in Sources */,
				006A21F02C29E82700A89B6F /* BaseViewController.swift in Sources */,
				0032812B2C2C474400562246 /* DeleteAlertView.swift in Sources */,
				006A21F72C29EB0400A89B6F /* MailBoxTableViewCell.swift in Sources */,
				006A22042C29FF0E00A89B6F /* MailTableViewCell.swift in Sources */,
				00B2B6B22C29E21A0071401E /* AppDelegate.swift in Sources */,
				00B2B6B42C29E21A0071401E /* SceneDelegate.swift in Sources */,
				003281212C2C393300562246 /* NotificationTableViewCell.swift in Sources */,
				006A21EC2C29E76D00A89B6F /* TechnicalSupportViewController.swift in Sources */,
				00B2B6CA2C29E31E0071401E /* HomeViewController.swift in Sources */,
				006A21FD2C29EDB300A89B6F /* UIView+DD.swift in Sources */,
				006A21F22C29E85200A89B6F /* BaseViewModel.swift in Sources */,
				006A21FB2C29EBF200A89B6F /* UITableView+Extension.swift in Sources */,
				006A220F2C2A0B9C00A89B6F /* NibLoadingView.swift in Sources */,
				003281262C2C3A3200562246 /* NotificationViewController.swift in Sources */,
				00A350272C2ACCD2002B312C /* SupportEMailCustomView.swift in Sources */,
				006A22082C29FF6800A89B6F /* MailBoxViewController.swift in Sources */,
				00A3502C2C2AD4AF002B312C /* AdministrationCallCustomView.swift in Sources */,
			);
			runOnlyForDeploymentPostprocessing = 0;
		};
/* End PBXSourcesBuildPhase section */

/* Begin PBXVariantGroup section */
		00B2B6BC2C29E21C0071401E /* LaunchScreen.storyboard */ = {
			isa = PBXVariantGroup;
			children = (
				00B2B6BD2C29E21C0071401E /* Base */,
			);
			name = LaunchScreen.storyboard;
			sourceTree = "<group>";
		};
/* End PBXVariantGroup section */

/* Begin XCBuildConfiguration section */
		00B2B6C02C29E21C0071401E /* Debug */ = {
			isa = XCBuildConfiguration;
			buildSettings = {
				ALWAYS_SEARCH_USER_PATHS = NO;
				ASSETCATALOG_COMPILER_GENERATE_SWIFT_ASSET_SYMBOL_EXTENSIONS = YES;
				CLANG_ANALYZER_NONNULL = YES;
				CLANG_ANALYZER_NUMBER_OBJECT_CONVERSION = YES_AGGRESSIVE;
				CLANG_CXX_LANGUAGE_STANDARD = "gnu++20";
				CLANG_ENABLE_MODULES = YES;
				CLANG_ENABLE_OBJC_ARC = YES;
				CLANG_ENABLE_OBJC_WEAK = YES;
				CLANG_WARN_BLOCK_CAPTURE_AUTORELEASING = YES;
				CLANG_WARN_BOOL_CONVERSION = YES;
				CLANG_WARN_COMMA = YES;
				CLANG_WARN_CONSTANT_CONVERSION = YES;
				CLANG_WARN_DEPRECATED_OBJC_IMPLEMENTATIONS = YES;
				CLANG_WARN_DIRECT_OBJC_ISA_USAGE = YES_ERROR;
				CLANG_WARN_DOCUMENTATION_COMMENTS = YES;
				CLANG_WARN_EMPTY_BODY = YES;
				CLANG_WARN_ENUM_CONVERSION = YES;
				CLANG_WARN_INFINITE_RECURSION = YES;
				CLANG_WARN_INT_CONVERSION = YES;
				CLANG_WARN_NON_LITERAL_NULL_CONVERSION = YES;
				CLANG_WARN_OBJC_IMPLICIT_RETAIN_SELF = YES;
				CLANG_WARN_OBJC_LITERAL_CONVERSION = YES;
				CLANG_WARN_OBJC_ROOT_CLASS = YES_ERROR;
				CLANG_WARN_QUOTED_INCLUDE_IN_FRAMEWORK_HEADER = YES;
				CLANG_WARN_RANGE_LOOP_ANALYSIS = YES;
				CLANG_WARN_STRICT_PROTOTYPES = YES;
				CLANG_WARN_SUSPICIOUS_MOVE = YES;
				CLANG_WARN_UNGUARDED_AVAILABILITY = YES_AGGRESSIVE;
				CLANG_WARN_UNREACHABLE_CODE = YES;
				CLANG_WARN__DUPLICATE_METHOD_MATCH = YES;
				COPY_PHASE_STRIP = NO;
				DEBUG_INFORMATION_FORMAT = dwarf;
				ENABLE_STRICT_OBJC_MSGSEND = YES;
				ENABLE_TESTABILITY = YES;
				ENABLE_USER_SCRIPT_SANDBOXING = YES;
				GCC_C_LANGUAGE_STANDARD = gnu17;
				GCC_DYNAMIC_NO_PIC = NO;
				GCC_NO_COMMON_BLOCKS = YES;
				GCC_OPTIMIZATION_LEVEL = 0;
				GCC_PREPROCESSOR_DEFINITIONS = (
					"DEBUG=1",
					"$(inherited)",
				);
				GCC_WARN_64_TO_32_BIT_CONVERSION = YES;
				GCC_WARN_ABOUT_RETURN_TYPE = YES_ERROR;
				GCC_WARN_UNDECLARED_SELECTOR = YES;
				GCC_WARN_UNINITIALIZED_AUTOS = YES_AGGRESSIVE;
				GCC_WARN_UNUSED_FUNCTION = YES;
				GCC_WARN_UNUSED_VARIABLE = YES;
				IPHONEOS_DEPLOYMENT_TARGET = 17.5;
				LOCALIZATION_PREFERS_STRING_CATALOGS = YES;
				MTL_ENABLE_DEBUG_INFO = INCLUDE_SOURCE;
				MTL_FAST_MATH = YES;
				ONLY_ACTIVE_ARCH = YES;
				SDKROOT = iphoneos;
				SWIFT_ACTIVE_COMPILATION_CONDITIONS = "DEBUG $(inherited)";
				SWIFT_OPTIMIZATION_LEVEL = "-Onone";
			};
			name = Debug;
		};
		00B2B6C12C29E21C0071401E /* Release */ = {
			isa = XCBuildConfiguration;
			buildSettings = {
				ALWAYS_SEARCH_USER_PATHS = NO;
				ASSETCATALOG_COMPILER_GENERATE_SWIFT_ASSET_SYMBOL_EXTENSIONS = YES;
				CLANG_ANALYZER_NONNULL = YES;
				CLANG_ANALYZER_NUMBER_OBJECT_CONVERSION = YES_AGGRESSIVE;
				CLANG_CXX_LANGUAGE_STANDARD = "gnu++20";
				CLANG_ENABLE_MODULES = YES;
				CLANG_ENABLE_OBJC_ARC = YES;
				CLANG_ENABLE_OBJC_WEAK = YES;
				CLANG_WARN_BLOCK_CAPTURE_AUTORELEASING = YES;
				CLANG_WARN_BOOL_CONVERSION = YES;
				CLANG_WARN_COMMA = YES;
				CLANG_WARN_CONSTANT_CONVERSION = YES;
				CLANG_WARN_DEPRECATED_OBJC_IMPLEMENTATIONS = YES;
				CLANG_WARN_DIRECT_OBJC_ISA_USAGE = YES_ERROR;
				CLANG_WARN_DOCUMENTATION_COMMENTS = YES;
				CLANG_WARN_EMPTY_BODY = YES;
				CLANG_WARN_ENUM_CONVERSION = YES;
				CLANG_WARN_INFINITE_RECURSION = YES;
				CLANG_WARN_INT_CONVERSION = YES;
				CLANG_WARN_NON_LITERAL_NULL_CONVERSION = YES;
				CLANG_WARN_OBJC_IMPLICIT_RETAIN_SELF = YES;
				CLANG_WARN_OBJC_LITERAL_CONVERSION = YES;
				CLANG_WARN_OBJC_ROOT_CLASS = YES_ERROR;
				CLANG_WARN_QUOTED_INCLUDE_IN_FRAMEWORK_HEADER = YES;
				CLANG_WARN_RANGE_LOOP_ANALYSIS = YES;
				CLANG_WARN_STRICT_PROTOTYPES = YES;
				CLANG_WARN_SUSPICIOUS_MOVE = YES;
				CLANG_WARN_UNGUARDED_AVAILABILITY = YES_AGGRESSIVE;
				CLANG_WARN_UNREACHABLE_CODE = YES;
				CLANG_WARN__DUPLICATE_METHOD_MATCH = YES;
				COPY_PHASE_STRIP = NO;
				DEBUG_INFORMATION_FORMAT = "dwarf-with-dsym";
				ENABLE_NS_ASSERTIONS = NO;
				ENABLE_STRICT_OBJC_MSGSEND = YES;
				ENABLE_USER_SCRIPT_SANDBOXING = YES;
				GCC_C_LANGUAGE_STANDARD = gnu17;
				GCC_NO_COMMON_BLOCKS = YES;
				GCC_WARN_64_TO_32_BIT_CONVERSION = YES;
				GCC_WARN_ABOUT_RETURN_TYPE = YES_ERROR;
				GCC_WARN_UNDECLARED_SELECTOR = YES;
				GCC_WARN_UNINITIALIZED_AUTOS = YES_AGGRESSIVE;
				GCC_WARN_UNUSED_FUNCTION = YES;
				GCC_WARN_UNUSED_VARIABLE = YES;
				IPHONEOS_DEPLOYMENT_TARGET = 17.5;
				LOCALIZATION_PREFERS_STRING_CATALOGS = YES;
				MTL_ENABLE_DEBUG_INFO = NO;
				MTL_FAST_MATH = YES;
				SDKROOT = iphoneos;
				SWIFT_COMPILATION_MODE = wholemodule;
				VALIDATE_PRODUCT = YES;
			};
			name = Release;
		};
		00B2B6C32C29E21C0071401E /* Debug */ = {
			isa = XCBuildConfiguration;
			buildSettings = {
				ASSETCATALOG_COMPILER_APPICON_NAME = AppIcon;
				ASSETCATALOG_COMPILER_GLOBAL_ACCENT_COLOR_NAME = AccentColor;
				CODE_SIGN_STYLE = Automatic;
				CURRENT_PROJECT_VERSION = 1;
				DEVELOPMENT_TEAM = ZF5RK26287;
				GENERATE_INFOPLIST_FILE = YES;
				INFOPLIST_FILE = Task/Info.plist;
				INFOPLIST_KEY_UIApplicationSupportsIndirectInputEvents = YES;
				INFOPLIST_KEY_UILaunchStoryboardName = LaunchScreen;
				INFOPLIST_KEY_UISupportedInterfaceOrientations_iPad = "UIInterfaceOrientationPortrait UIInterfaceOrientationPortraitUpsideDown UIInterfaceOrientationLandscapeLeft UIInterfaceOrientationLandscapeRight";
				INFOPLIST_KEY_UISupportedInterfaceOrientations_iPhone = "UIInterfaceOrientationPortrait UIInterfaceOrientationLandscapeLeft UIInterfaceOrientationLandscapeRight";
				LD_RUNPATH_SEARCH_PATHS = (
					"$(inherited)",
					"@executable_path/Frameworks",
				);
				MARKETING_VERSION = 1.0;
				PRODUCT_BUNDLE_IDENTIFIER = com.Test.Task;
				PRODUCT_NAME = "$(TARGET_NAME)";
				SWIFT_EMIT_LOC_STRINGS = YES;
				SWIFT_VERSION = 5.0;
				TARGETED_DEVICE_FAMILY = "1,2";
			};
			name = Debug;
		};
		00B2B6C42C29E21C0071401E /* Release */ = {
			isa = XCBuildConfiguration;
			buildSettings = {
				ASSETCATALOG_COMPILER_APPICON_NAME = AppIcon;
				ASSETCATALOG_COMPILER_GLOBAL_ACCENT_COLOR_NAME = AccentColor;
				CODE_SIGN_STYLE = Automatic;
				CURRENT_PROJECT_VERSION = 1;
				DEVELOPMENT_TEAM = ZF5RK26287;
				GENERATE_INFOPLIST_FILE = YES;
				INFOPLIST_FILE = Task/Info.plist;
				INFOPLIST_KEY_UIApplicationSupportsIndirectInputEvents = YES;
				INFOPLIST_KEY_UILaunchStoryboardName = LaunchScreen;
				INFOPLIST_KEY_UISupportedInterfaceOrientations_iPad = "UIInterfaceOrientationPortrait UIInterfaceOrientationPortraitUpsideDown UIInterfaceOrientationLandscapeLeft UIInterfaceOrientationLandscapeRight";
				INFOPLIST_KEY_UISupportedInterfaceOrientations_iPhone = "UIInterfaceOrientationPortrait UIInterfaceOrientationLandscapeLeft UIInterfaceOrientationLandscapeRight";
				LD_RUNPATH_SEARCH_PATHS = (
					"$(inherited)",
					"@executable_path/Frameworks",
				);
				MARKETING_VERSION = 1.0;
				PRODUCT_BUNDLE_IDENTIFIER = com.Test.Task;
				PRODUCT_NAME = "$(TARGET_NAME)";
				SWIFT_EMIT_LOC_STRINGS = YES;
				SWIFT_VERSION = 5.0;
				TARGETED_DEVICE_FAMILY = "1,2";
			};
			name = Release;
		};
/* End XCBuildConfiguration section */

/* Begin XCConfigurationList section */
		00B2B6A92C29E21A0071401E /* Build configuration list for PBXProject "Task" */ = {
			isa = XCConfigurationList;
			buildConfigurations = (
				00B2B6C02C29E21C0071401E /* Debug */,
				00B2B6C12C29E21C0071401E /* Release */,
			);
			defaultConfigurationIsVisible = 0;
			defaultConfigurationName = Release;
		};
		00B2B6C22C29E21C0071401E /* Build configuration list for PBXNativeTarget "Task" */ = {
			isa = XCConfigurationList;
			buildConfigurations = (
				00B2B6C32C29E21C0071401E /* Debug */,
				00B2B6C42C29E21C0071401E /* Release */,
			);
			defaultConfigurationIsVisible = 0;
			defaultConfigurationName = Release;
		};
/* End XCConfigurationList section */
	};
	rootObject = 00B2B6A62C29E21A0071401E /* Project object */;
}
